Microsoft Visual Studio Solution File, Format Version 11.00
# Visual Studio 2008

Project("{642E33C2-F028-7F78-1BFE-608E32D643D0}") = "OneNightUltimateMobile", "Assembly-CSharp.csproj", "{566FCCA0-328F-AFB5-EA9F-3305D4A44104}"
EndProject
Global
	GlobalSection(SolutionConfigurationPlatforms) = preSolution
		Debug|Any CPU = Debug|Any CPU
		Release|Any CPU = Release|Any CPU
	EndGlobalSection
	GlobalSection(ProjectConfigurationPlatforms) = postSolution
		{566FCCA0-328F-AFB5-EA9F-3305D4A44104}.Debug|Any CPU.ActiveCfg = Debug|Any CPU
		{566FCCA0-328F-AFB5-EA9F-3305D4A44104}.Debug|Any CPU.Build.0 = Debug|Any CPU
		{566FCCA0-328F-AFB5-EA9F-3305D4A44104}.Release|Any CPU.ActiveCfg = Release|Any CPU
		{566FCCA0-328F-AFB5-EA9F-3305D4A44104}.Release|Any CPU.Build.0 = Release|Any CPU
	EndGlobalSection
	GlobalSection(SolutionProperties) = preSolution
		HideSolutionNode = FALSE
	EndGlobalSection
	GlobalSection(MonoDevelopProperties) = preSolution
		StartupItem = Assembly-CSharp.csproj
	EndGlobalSection
EndGlobal
